
Microsoft Visual Studio Solution File, Format Version 12.00
# Visual Studio 15
VisualStudioVersion = 15.0.28010.2026
MinimumVisualStudioVersion = 10.0.40219.1
Project("{FAE04EC0-301F-11D3-BF4B-00C04F79EFBC}") = "relix", "relix\relix.csproj", "{A9A5AE62-F7CD-42D4-858B-DDBA3D840AA5}"
EndProject
Global
	GlobalSection(SolutionConfigurationPlatforms) = preSolution
		Debug|Any CPU = Debug|Any CPU
		Release|Any CPU = Release|Any CPU
	EndGlobalSection
	GlobalSection(ProjectConfigurationPlatforms) = postSolution
		{A9A5AE62-F7CD-42D4-858B-DDBA3D840AA5}.Debug|Any CPU.ActiveCfg = Debug|Any CPU
		{A9A5AE62-F7CD-42D4-858B-DDBA3D840AA5}.Debug|Any CPU.Build.0 = Debug|Any CPU
		{A9A5AE62-F7CD-42D4-858B-DDBA3D840AA5}.Release|Any CPU.ActiveCfg = Release|Any CPU
		{A9A5AE62-F7CD-42D4-858B-DDBA3D840AA5}.Release|Any CPU.Build.0 = Release|Any CPU
	EndGlobalSection
	GlobalSection(SolutionProperties) = preSolution
		HideSolutionNode = FALSE
	EndGlobalSection
	GlobalSection(ExtensibilityGlobals) = postSolution
		SolutionGuid = {4824402A-A21F-434E-B6B6-A37A9EDF5436}
	EndGlobalSection
EndGlobal
